{
    "hash": "b5f69601395553ff47eed492676d3d6a",
    "packages": [
        {
            "package": "dkplus/unit-test",
            "version": "dev-master",
            "source-reference": "70c207c944685b00a760636b5dc077eb8872164f",
            "commit-date": "1346836679"
        },
        {
            "package": "zendframework/zendframework",
            "version": "dev-master",
            "alias-pretty-version": "2.0.x-dev",
            "alias-version": "2.0.9999999.9999999-dev"
        },
        {
            "package": "zendframework/zendframework",
            "version": "dev-master",
            "source-reference": "2db58cf909cf683be3d01442c2d093d3337a6de5",
            "commit-date": "1346797761"
        }
    ],
    "packages-dev": null,
    "aliases": [

    ],
    "minimum-stability": "stable",
    "stability-flags": {
        "zendframework/zendframework": 20,
        "dkplus/unit-test": 20
    }
}
