{
    "hash": "80fcb3a4541d5f9e2b335d58e4351220",
    "packages": [
        {
            "name": "zendframework/zend-authentication",
            "version": "dev-master",
            "target-dir": "Zend/Authentication",
            "source": {
                "type": "git",
                "url": "https://github.com/zendframework/Component_ZendAuthentication.git",
                "reference": "2e0a518c0d8fc05670fd4a3133b920609a6dc05a"
            },
            "dist": {
                "type": "zip",
                "url": "https://api.github.com/repos/zendframework/Component_ZendAuthentication/zipball/2e0a518c0d8fc05670fd4a3133b920609a6dc05a",
                "reference": "2e0a518c0d8fc05670fd4a3133b920609a6dc05a",
                "shasum": ""
            },
            "require": {
                "php": ">=5.3.3",
                "zendframework/zend-stdlib": "self.version"
            },
            "suggest": {
                "zendframework/zend-db": "Zend\\Db component",
                "zendframework/zend-session": "Zend\\Session component",
                "zendframework/zend-uri": "Zend\\Uri component"
            },
            "time": "2013-02-07 22:26:44",
            "type": "library",
            "autoload": {
                "psr-0": {
                    "Zend\\Authentication\\": ""
                }
            },
            "notification-url": "http://packagist.org/downloads/",
            "license": [
                "BSD-3-Clause"
            ],
            "description": "provides an API for authentication and includes concrete authentication adapters for common use case scenarios",
            "keywords": [
                "Authentication",
                "zf2"
            ]
        },
        {
            "name": "zendframework/zend-code",
            "version": "dev-master",
            "target-dir": "Zend/Code",
            "source": {
                "type": "git",
                "url": "https://github.com/zendframework/Component_ZendCode.git",
                "reference": "db851ded3faccc89eaf55b5e9a5e30302688fd99"
            },
            "dist": {
                "type": "zip",
                "url": "https://api.github.com/repos/zendframework/Component_ZendCode/zipball/db851ded3faccc89eaf55b5e9a5e30302688fd99",
                "reference": "db851ded3faccc89eaf55b5e9a5e30302688fd99",
                "shasum": ""
            },
            "require": {
                "php": ">=5.3.3",
                "zendframework/zend-eventmanager": "self.version"
            },
            "require-dev": {
                "doctrine/common": ">=2.1"
            },
            "suggest": {
                "doctrine/common": "Doctrine\\Common >=2.1 for annotation features"
            },
            "time": "2013-02-07 22:26:44",
            "type": "library",
            "autoload": {
                "psr-0": {
                    "Zend\\Code\\": ""
                }
            },
            "notification-url": "http://packagist.org/downloads/",
            "license": [
                "BSD-3-Clause"
            ],
            "description": "provides facilities to generate arbitrary code using an object oriented interface",
            "keywords": [
                "code",
                "zf2"
            ]
        },
        {
            "name": "zendframework/zend-console",
            "version": "dev-master",
            "target-dir": "Zend/Console",
            "source": {
                "type": "git",
                "url": "https://github.com/zendframework/Component_ZendConsole.git",
                "reference": "2f688fdffc33a13334d668833fab6113441cbd77"
            },
            "dist": {
                "type": "zip",
                "url": "https://api.github.com/repos/zendframework/Component_ZendConsole/zipball/2f688fdffc33a13334d668833fab6113441cbd77",
                "reference": "2f688fdffc33a13334d668833fab6113441cbd77",
                "shasum": ""
            },
            "require": {
                "php": ">=5.3.3",
                "zendframework/zend-stdlib": "self.version"
            },
            "time": "2013-02-07 22:26:44",
            "type": "library",
            "autoload": {
                "psr-0": {
                    "Zend\\Console\\": ""
                }
            },
            "notification-url": "http://packagist.org/downloads/",
            "license": [
                "BSD-3-Clause"
            ],
            "keywords": [
                "console",
                "zf2"
            ]
        },
        {
            "name": "zendframework/zend-di",
            "version": "dev-master",
            "target-dir": "Zend/Di",
            "source": {
                "type": "git",
                "url": "https://github.com/zendframework/Component_ZendDi.git",
                "reference": "f8a44387eaeaf21c792b62ab8df060e8820ac799"
            },
            "dist": {
                "type": "zip",
                "url": "https://api.github.com/repos/zendframework/Component_ZendDi/zipball/f8a44387eaeaf21c792b62ab8df060e8820ac799",
                "reference": "f8a44387eaeaf21c792b62ab8df060e8820ac799",
                "shasum": ""
            },
            "require": {
                "php": ">=5.3.3",
                "zendframework/zend-code": "self.version",
                "zendframework/zend-stdlib": "self.version"
            },
            "time": "2013-02-07 22:26:44",
            "type": "library",
            "autoload": {
                "psr-0": {
                    "Zend\\Di\\": ""
                }
            },
            "notification-url": "http://packagist.org/downloads/",
            "license": [
                "BSD-3-Clause"
            ],
            "keywords": [
                "di",
                "zf2"
            ]
        },
        {
            "name": "zendframework/zend-escaper",
            "version": "dev-master",
            "target-dir": "Zend/Escaper",
            "source": {
                "type": "git",
                "url": "https://github.com/zendframework/Component_ZendEscaper.git",
                "reference": "b0682a9103c20000d1fcbb7171936443840acb7e"
            },
            "dist": {
                "type": "zip",
                "url": "https://api.github.com/repos/zendframework/Component_ZendEscaper/zipball/b0682a9103c20000d1fcbb7171936443840acb7e",
                "reference": "b0682a9103c20000d1fcbb7171936443840acb7e",
                "shasum": ""
            },
            "require": {
                "php": ">=5.3.3"
            },
            "time": "2013-02-07 22:26:44",
            "type": "library",
            "autoload": {
                "psr-0": {
                    "Zend\\Escaper\\": ""
                }
            },
            "notification-url": "http://packagist.org/downloads/",
            "license": [
                "BSD-3-Clause"
            ],
            "keywords": [
                "escaper",
                "zf2"
            ]
        },
        {
            "name": "zendframework/zend-eventmanager",
            "version": "dev-master",
            "target-dir": "Zend/EventManager",
            "source": {
                "type": "git",
                "url": "https://github.com/zendframework/Component_ZendEventManager.git",
                "reference": "2eec8ee2a9f6c4eaf3bfd95ee749860b162ef5e3"
            },
            "dist": {
                "type": "zip",
                "url": "https://api.github.com/repos/zendframework/Component_ZendEventManager/zipball/2eec8ee2a9f6c4eaf3bfd95ee749860b162ef5e3",
                "reference": "2eec8ee2a9f6c4eaf3bfd95ee749860b162ef5e3",
                "shasum": ""
            },
            "require": {
                "php": ">=5.3.3",
                "zendframework/zend-stdlib": "self.version"
            },
            "time": "2013-02-07 22:26:44",
            "type": "library",
            "autoload": {
                "psr-0": {
                    "Zend\\EventManager\\": ""
                }
            },
            "notification-url": "http://packagist.org/downloads/",
            "license": [
                "BSD-3-Clause"
            ],
            "keywords": [
                "eventmanager",
                "zf2"
            ]
        },
        {
            "name": "zendframework/zend-filter",
            "version": "dev-master",
            "target-dir": "Zend/Filter",
            "source": {
                "type": "git",
                "url": "https://github.com/zendframework/Component_ZendFilter.git",
                "reference": "ec877c401130d60f16501c69411c59937b184ca0"
            },
            "dist": {
                "type": "zip",
                "url": "https://api.github.com/repos/zendframework/Component_ZendFilter/zipball/ec877c401130d60f16501c69411c59937b184ca0",
                "reference": "ec877c401130d60f16501c69411c59937b184ca0",
                "shasum": ""
            },
            "require": {
                "php": ">=5.3.3",
                "zendframework/zend-stdlib": "self.version"
            },
            "require-dev": {
                "zendframework/zend-crypt": "self.version"
            },
            "suggest": {
                "zendframework/zend-crypt": "Zend\\Crypt component",
                "zendframework/zend-i18n": "Zend\\I18n component",
                "zendframework/zend-stdlib": "Zend\\Stdlib component",
                "zendframework/zend-uri": "Zend\\Uri component for UriNormalize filter",
                "zendframework/zend-validator": "Zend\\Validator component"
            },
            "time": "2013-02-07 22:26:44",
            "type": "library",
            "autoload": {
                "psr-0": {
                    "Zend\\Filter\\": ""
                }
            },
            "notification-url": "http://packagist.org/downloads/",
            "license": [
                "BSD-3-Clause"
            ],
            "description": "provides a set of commonly needed data filters",
            "keywords": [
                "filter",
                "zf2"
            ]
        },
        {
            "name": "zendframework/zend-form",
            "version": "dev-master",
            "target-dir": "Zend/Form",
            "source": {
                "type": "git",
                "url": "https://github.com/zendframework/Component_ZendForm.git",
                "reference": "fb2b47c6fda132d3aa6ab994383b7bd2ec79b605"
            },
            "dist": {
                "type": "zip",
                "url": "https://api.github.com/repos/zendframework/Component_ZendForm/zipball/fb2b47c6fda132d3aa6ab994383b7bd2ec79b605",
                "reference": "fb2b47c6fda132d3aa6ab994383b7bd2ec79b605",
                "shasum": ""
            },
            "require": {
                "php": ">=5.3.3",
                "zendframework/zend-inputfilter": "self.version",
                "zendframework/zend-stdlib": "self.version"
            },
            "require-dev": {
                "zendframework/zendservice-recaptcha": "*"
            },
            "suggest": {
                "zendframework/zendservice-recaptcha": "ZendService\\ReCaptcha component"
            },
            "time": "2013-02-07 22:26:44",
            "type": "library",
            "autoload": {
                "psr-0": {
                    "Zend\\Form\\": ""
                }
            },
            "notification-url": "http://packagist.org/downloads/",
            "license": [
                "BSD-3-Clause"
            ],
            "keywords": [
                "form",
                "zf2"
            ]
        },
        {
            "name": "zendframework/zend-http",
            "version": "dev-master",
            "target-dir": "Zend/Http",
            "source": {
                "type": "git",
                "url": "https://github.com/zendframework/Component_ZendHttp.git",
                "reference": "e4afdaadc3bcfecdd674b5e214cbabde3b2f6372"
            },
            "dist": {
                "type": "zip",
                "url": "https://api.github.com/repos/zendframework/Component_ZendHttp/zipball/e4afdaadc3bcfecdd674b5e214cbabde3b2f6372",
                "reference": "e4afdaadc3bcfecdd674b5e214cbabde3b2f6372",
                "shasum": ""
            },
            "require": {
                "php": ">=5.3.3",
                "zendframework/zend-loader": "self.version",
                "zendframework/zend-stdlib": "self.version",
                "zendframework/zend-uri": "self.version"
            },
            "time": "2013-02-07 22:26:44",
            "type": "library",
            "autoload": {
                "psr-0": {
                    "Zend\\Http\\": ""
                }
            },
            "notification-url": "http://packagist.org/downloads/",
            "license": [
                "BSD-3-Clause"
            ],
            "description": "provides an easy interface for performing Hyper-Text Transfer Protocol (HTTP) requests",
            "keywords": [
                "http",
                "zf2"
            ]
        },
        {
            "name": "zendframework/zend-i18n",
            "version": "dev-master",
            "target-dir": "Zend/I18n",
            "source": {
                "type": "git",
                "url": "https://github.com/zendframework/Component_ZendI18n.git",
                "reference": "05b902bc0ae3775efcaa55c70ffdb5d351365e60"
            },
            "dist": {
                "type": "zip",
                "url": "https://api.github.com/repos/zendframework/Component_ZendI18n/zipball/05b902bc0ae3775efcaa55c70ffdb5d351365e60",
                "reference": "05b902bc0ae3775efcaa55c70ffdb5d351365e60",
                "shasum": ""
            },
            "require": {
                "ext-intl": "*",
                "php": ">=5.3.3",
                "zendframework/zend-filter": "self.version",
                "zendframework/zend-stdlib": "self.version"
            },
            "time": "2013-02-07 22:26:44",
            "type": "library",
            "autoload": {
                "psr-0": {
                    "Zend\\I18n\\": ""
                }
            },
            "notification-url": "http://packagist.org/downloads/",
            "license": [
                "BSD-3-Clause"
            ],
            "keywords": [
                "i18n",
                "zf2"
            ]
        },
        {
            "name": "zendframework/zend-inputfilter",
            "version": "dev-master",
            "target-dir": "Zend/InputFilter",
            "source": {
                "type": "git",
                "url": "https://github.com/zendframework/Component_ZendInputFilter.git",
                "reference": "63ad63374e5bc23986c4f02659e919fa868402b4"
            },
            "dist": {
                "type": "zip",
                "url": "https://api.github.com/repos/zendframework/Component_ZendInputFilter/zipball/63ad63374e5bc23986c4f02659e919fa868402b4",
                "reference": "63ad63374e5bc23986c4f02659e919fa868402b4",
                "shasum": ""
            },
            "require": {
                "php": ">=5.3.3",
                "zendframework/zend-filter": "self.version",
                "zendframework/zend-stdlib": "self.version",
                "zendframework/zend-validator": "self.version"
            },
            "time": "2013-02-07 22:26:44",
            "type": "library",
            "autoload": {
                "psr-0": {
                    "Zend\\InputFilter\\": ""
                }
            },
            "notification-url": "http://packagist.org/downloads/",
            "license": [
                "BSD-3-Clause"
            ],
            "keywords": [
                "inputfilter",
                "zf2"
            ]
        },
        {
            "name": "zendframework/zend-loader",
            "version": "dev-master",
            "target-dir": "Zend/Loader",
            "source": {
                "type": "git",
                "url": "https://github.com/zendframework/Component_ZendLoader.git",
                "reference": "32e2e7f581167c97efef6bd47bd0fcca55914473"
            },
            "dist": {
                "type": "zip",
                "url": "https://api.github.com/repos/zendframework/Component_ZendLoader/zipball/32e2e7f581167c97efef6bd47bd0fcca55914473",
                "reference": "32e2e7f581167c97efef6bd47bd0fcca55914473",
                "shasum": ""
            },
            "require": {
                "php": ">=5.3.3"
            },
            "suggest": {
                "zendframework/zend-stdlib": "Zend\\Stdlib component"
            },
            "time": "2013-02-07 22:26:44",
            "type": "library",
            "autoload": {
                "psr-0": {
                    "Zend\\Loader\\": ""
                }
            },
            "notification-url": "http://packagist.org/downloads/",
            "license": [
                "BSD-3-Clause"
            ],
            "keywords": [
                "loader",
                "zf2"
            ]
        },
        {
            "name": "zendframework/zend-modulemanager",
            "version": "dev-master",
            "target-dir": "Zend/ModuleManager",
            "source": {
                "type": "git",
                "url": "https://github.com/zendframework/Component_ZendModuleManager.git",
                "reference": "598b84a8c41ac8ec96cbbfed0c8997ffce43e4f1"
            },
            "dist": {
                "type": "zip",
                "url": "https://api.github.com/repos/zendframework/Component_ZendModuleManager/zipball/598b84a8c41ac8ec96cbbfed0c8997ffce43e4f1",
                "reference": "598b84a8c41ac8ec96cbbfed0c8997ffce43e4f1",
                "shasum": ""
            },
            "require": {
                "php": ">=5.3.3",
                "zendframework/zend-eventmanager": "self.version",
                "zendframework/zend-stdlib": "self.version"
            },
            "suggest": {
                "zendframework/zend-config": "Zend\\Config component",
                "zendframework/zend-loader": "Zend\\Loader component",
                "zendframework/zend-servicemanager": "Zend\\ServiceManager component"
            },
            "time": "2013-02-07 22:26:44",
            "type": "library",
            "autoload": {
                "psr-0": {
                    "Zend\\ModuleManager\\": ""
                }
            },
            "notification-url": "http://packagist.org/downloads/",
            "license": [
                "BSD-3-Clause"
            ],
            "keywords": [
                "modulemanager",
                "zf2"
            ]
        },
        {
            "name": "zendframework/zend-mvc",
            "version": "dev-master",
            "target-dir": "Zend/Mvc",
            "source": {
                "type": "git",
                "url": "https://github.com/zendframework/Component_ZendMvc.git",
                "reference": "8812cea6869a410c91580cebaa32593b68f8ed10"
            },
            "dist": {
                "type": "zip",
                "url": "https://api.github.com/repos/zendframework/Component_ZendMvc/zipball/8812cea6869a410c91580cebaa32593b68f8ed10",
                "reference": "8812cea6869a410c91580cebaa32593b68f8ed10",
                "shasum": ""
            },
            "require": {
                "php": ">=5.3.3",
                "zendframework/zend-console": "self.version",
                "zendframework/zend-di": "self.version",
                "zendframework/zend-eventmanager": "self.version",
                "zendframework/zend-form": "self.version",
                "zendframework/zend-http": "self.version",
                "zendframework/zend-modulemanager": "self.version",
                "zendframework/zend-servicemanager": "self.version",
                "zendframework/zend-stdlib": "self.version",
                "zendframework/zend-text": "self.version",
                "zendframework/zend-uri": "self.version",
                "zendframework/zend-view": "self.version"
            },
            "time": "2013-02-07 22:26:44",
            "type": "library",
            "autoload": {
                "psr-0": {
                    "Zend\\Mvc\\": ""
                }
            },
            "notification-url": "http://packagist.org/downloads/",
            "license": [
                "BSD-3-Clause"
            ],
            "keywords": [
                "mvc",
                "zf2"
            ]
        },
        {
            "name": "zendframework/zend-servicemanager",
            "version": "dev-master",
            "target-dir": "Zend/ServiceManager",
            "source": {
                "type": "git",
                "url": "https://github.com/zendframework/Component_ZendServiceManager.git",
                "reference": "1dd87be3a149c90aba6f61277962b90e0399c35a"
            },
            "dist": {
                "type": "zip",
                "url": "https://api.github.com/repos/zendframework/Component_ZendServiceManager/zipball/1dd87be3a149c90aba6f61277962b90e0399c35a",
                "reference": "1dd87be3a149c90aba6f61277962b90e0399c35a",
                "shasum": ""
            },
            "require": {
                "php": ">=5.3.3"
            },
            "suggest": {
                "zendframework/zend-di": "Zend\\Di component"
            },
            "time": "2013-02-07 22:26:44",
            "type": "library",
            "autoload": {
                "psr-0": {
                    "Zend\\ServiceManager\\": ""
                }
            },
            "notification-url": "http://packagist.org/downloads/",
            "license": [
                "BSD-3-Clause"
            ],
            "keywords": [
                "servicemanager",
                "zf2"
            ]
        },
        {
            "name": "zendframework/zend-stdlib",
            "version": "dev-master",
            "target-dir": "Zend/Stdlib",
            "source": {
                "type": "git",
                "url": "https://github.com/zendframework/Component_ZendStdlib.git",
                "reference": "08611883b22d4ec5e01a3c2fff5e366b23945142"
            },
            "dist": {
                "type": "zip",
                "url": "https://api.github.com/repos/zendframework/Component_ZendStdlib/zipball/08611883b22d4ec5e01a3c2fff5e366b23945142",
                "reference": "08611883b22d4ec5e01a3c2fff5e366b23945142",
                "shasum": ""
            },
            "require": {
                "php": ">=5.3.3"
            },
            "suggest": {
                "pecl-weakref": "Implementation of weak references for Stdlib\\CallbackHandler"
            },
            "time": "2013-02-07 22:26:44",
            "type": "library",
            "autoload": {
                "psr-0": {
                    "Zend\\Stdlib\\": ""
                },
                "files": [
                    "Zend/Stdlib/compatibility/autoload.php"
                ]
            },
            "notification-url": "http://packagist.org/downloads/",
            "license": [
                "BSD-3-Clause"
            ],
            "keywords": [
                "stdlib",
                "zf2"
            ]
        },
        {
            "name": "zendframework/zend-text",
            "version": "dev-master",
            "target-dir": "Zend/Text",
            "source": {
                "type": "git",
                "url": "https://github.com/zendframework/Component_ZendText.git",
                "reference": "eb45f0e944a1668dc53eac3bf1f56b05f5a0ab4e"
            },
            "dist": {
                "type": "zip",
                "url": "https://api.github.com/repos/zendframework/Component_ZendText/zipball/eb45f0e944a1668dc53eac3bf1f56b05f5a0ab4e",
                "reference": "eb45f0e944a1668dc53eac3bf1f56b05f5a0ab4e",
                "shasum": ""
            },
            "require": {
                "php": ">=5.3.3",
                "zendframework/zend-servicemanager": "self.version",
                "zendframework/zend-stdlib": "self.version"
            },
            "time": "2013-02-07 22:26:44",
            "type": "library",
            "autoload": {
                "psr-0": {
                    "Zend\\Text\\": ""
                }
            },
            "notification-url": "http://packagist.org/downloads/",
            "license": [
                "BSD-3-Clause"
            ],
            "keywords": [
                "text",
                "zf2"
            ]
        },
        {
            "name": "zendframework/zend-uri",
            "version": "dev-master",
            "target-dir": "Zend/Uri",
            "source": {
                "type": "git",
                "url": "https://github.com/zendframework/Component_ZendUri.git",
                "reference": "2e3d391d29e0400c7e24c87e50b98415fdb13d81"
            },
            "dist": {
                "type": "zip",
                "url": "https://api.github.com/repos/zendframework/Component_ZendUri/zipball/2e3d391d29e0400c7e24c87e50b98415fdb13d81",
                "reference": "2e3d391d29e0400c7e24c87e50b98415fdb13d81",
                "shasum": ""
            },
            "require": {
                "php": ">=5.3.3",
                "zendframework/zend-escaper": "self.version",
                "zendframework/zend-validator": "self.version"
            },
            "time": "2013-02-07 22:26:44",
            "type": "library",
            "autoload": {
                "psr-0": {
                    "Zend\\Uri\\": ""
                }
            },
            "notification-url": "http://packagist.org/downloads/",
            "license": [
                "BSD-3-Clause"
            ],
            "description": "a component that aids in manipulating and validating » Uniform Resource Identifiers (URIs)",
            "keywords": [
                "uri",
                "zf2"
            ]
        },
        {
            "name": "zendframework/zend-validator",
            "version": "dev-master",
            "target-dir": "Zend/Validator",
            "source": {
                "type": "git",
                "url": "https://github.com/zendframework/Component_ZendValidator.git",
                "reference": "17ff22da937cd9016d6de69a5d9584923d422ec6"
            },
            "dist": {
                "type": "zip",
                "url": "https://api.github.com/repos/zendframework/Component_ZendValidator/zipball/17ff22da937cd9016d6de69a5d9584923d422ec6",
                "reference": "17ff22da937cd9016d6de69a5d9584923d422ec6",
                "shasum": ""
            },
            "require": {
                "php": ">=5.3.3",
                "zendframework/zend-i18n": "self.version",
                "zendframework/zend-servicemanager": "self.version",
                "zendframework/zend-stdlib": "self.version"
            },
            "require-dev": {
                "zendframework/zend-math": "self.version"
            },
            "suggest": {
                "zendframework/zend-db": "Zend\\Db component",
                "zendframework/zend-math": "Zend\\Math component"
            },
            "time": "2013-02-07 22:26:44",
            "type": "library",
            "autoload": {
                "psr-0": {
                    "Zend\\Validator\\": ""
                }
            },
            "notification-url": "http://packagist.org/downloads/",
            "license": [
                "BSD-3-Clause"
            ],
            "description": "provides a set of commonly needed validators",
            "keywords": [
                "validator",
                "zf2"
            ]
        },
        {
            "name": "zendframework/zend-view",
            "version": "dev-master",
            "target-dir": "Zend/View",
            "source": {
                "type": "git",
                "url": "https://github.com/zendframework/Component_ZendView.git",
                "reference": "fafddac7fa06ff63983d37f896f444d068aaeb3e"
            },
            "dist": {
                "type": "zip",
                "url": "https://api.github.com/repos/zendframework/Component_ZendView/zipball/fafddac7fa06ff63983d37f896f444d068aaeb3e",
                "reference": "fafddac7fa06ff63983d37f896f444d068aaeb3e",
                "shasum": ""
            },
            "require": {
                "php": ">=5.3.3",
                "zendframework/zend-eventmanager": "self.version",
                "zendframework/zend-loader": "self.version",
                "zendframework/zend-stdlib": "self.version"
            },
            "suggest": {
                "zendframework/zend-filter": "Zend\\Filter component"
            },
            "time": "2013-02-07 22:26:44",
            "type": "library",
            "autoload": {
                "psr-0": {
                    "Zend\\View\\": ""
                }
            },
            "notification-url": "http://packagist.org/downloads/",
            "license": [
                "BSD-3-Clause"
            ],
            "description": "provides a system of helpers, output filters, and variable escaping",
            "keywords": [
                "view",
                "zf2"
            ]
        }
    ],
    "packages-dev": [

    ],
    "aliases": [

    ],
    "minimum-stability": "dev",
    "stability-flags": [

    ]
}
